
Microsoft Visual Studio Solution File, Format Version 12.00
# Visual Studio Version 17
VisualStudioVersion = 17.7.34003.232
MinimumVisualStudioVersion = 10.0.40219.1
Project("{FAE04EC0-301F-11D3-BF4B-00C04F79EFBC}") = "NotasEstudiante", "NotasEstudiante\NotasEstudiante.csproj", "{BED0904A-FFE6-499D-8DDC-BEDDFD322FF5}"
EndProject
Global
	GlobalSection(SolutionConfigurationPlatforms) = preSolution
		Debug|Any CPU = Debug|Any CPU
		Release|Any CPU = Release|Any CPU
	EndGlobalSection
	GlobalSection(ProjectConfigurationPlatforms) = postSolution
		{BED0904A-FFE6-499D-8DDC-BEDDFD322FF5}.Debug|Any CPU.ActiveCfg = Debug|Any CPU
		{BED0904A-FFE6-499D-8DDC-BEDDFD322FF5}.Debug|Any CPU.Build.0 = Debug|Any CPU
		{BED0904A-FFE6-499D-8DDC-BEDDFD322FF5}.Release|Any CPU.ActiveCfg = Release|Any CPU
		{BED0904A-FFE6-499D-8DDC-BEDDFD322FF5}.Release|Any CPU.Build.0 = Release|Any CPU
	EndGlobalSection
	GlobalSection(SolutionProperties) = preSolution
		HideSolutionNode = FALSE
	EndGlobalSection
	GlobalSection(ExtensibilityGlobals) = postSolution
		SolutionGuid = {6067E948-08DF-440F-B462-286BE7B16AC6}
	EndGlobalSection
EndGlobal
